Microsoft Visual Studio Solution File, Format Version 12.00
# Visual Studio 2012
Project("{FAE04EC0-301F-11D3-BF4B-00C04F79EFBC}") = "Starlitter", "Starlitter.csproj", "{B76172F2-E8C1-4DFE-BC77-A0A27A38BDD3}"
EndProject
Global
	GlobalSection(SolutionConfigurationPlatforms) = preSolution
	Debug|Any CPU = Debug|Any CPU
	ExportDebug|Any CPU = ExportDebug|Any CPU
	ExportRelease|Any CPU = ExportRelease|Any CPU
	EndGlobalSection
	GlobalSection(ProjectConfigurationPlatforms) = postSolution
		{B76172F2-E8C1-4DFE-BC77-A0A27A38BDD3}.Debug|Any CPU.ActiveCfg = Debug|Any CPU
		{B76172F2-E8C1-4DFE-BC77-A0A27A38BDD3}.Debug|Any CPU.Build.0 = Debug|Any CPU
		{B76172F2-E8C1-4DFE-BC77-A0A27A38BDD3}.ExportDebug|Any CPU.ActiveCfg = ExportDebug|Any CPU
		{B76172F2-E8C1-4DFE-BC77-A0A27A38BDD3}.ExportDebug|Any CPU.Build.0 = ExportDebug|Any CPU
		{B76172F2-E8C1-4DFE-BC77-A0A27A38BDD3}.ExportRelease|Any CPU.ActiveCfg = ExportRelease|Any CPU
		{B76172F2-E8C1-4DFE-BC77-A0A27A38BDD3}.ExportRelease|Any CPU.Build.0 = ExportRelease|Any CPU
	EndGlobalSection
EndGlobal
